
Microsoft Visual Studio Solution File, Format Version 12.00
# Visual Studio Version 16
VisualStudioVersion = 16.0.32106.194
MinimumVisualStudioVersion = 10.0.40219.1
Project("{FAE04EC0-301F-11D3-BF4B-00C04F79EFBC}") = "calculadora2", "calculadora2\calculadora2.csproj", "{8AE7B669-71AD-4BA8-BEF1-E96215BF3F1B}"
EndProject
Global
	GlobalSection(SolutionConfigurationPlatforms) = preSolution
		Debug|Any CPU = Debug|Any CPU
		Release|Any CPU = Release|Any CPU
	EndGlobalSection
	GlobalSection(ProjectConfigurationPlatforms) = postSolution
		{8AE7B669-71AD-4BA8-BEF1-E96215BF3F1B}.Debug|Any CPU.ActiveCfg = Debug|Any CPU
		{8AE7B669-71AD-4BA8-BEF1-E96215BF3F1B}.Debug|Any CPU.Build.0 = Debug|Any CPU
		{8AE7B669-71AD-4BA8-BEF1-E96215BF3F1B}.Release|Any CPU.ActiveCfg = Release|Any CPU
		{8AE7B669-71AD-4BA8-BEF1-E96215BF3F1B}.Release|Any CPU.Build.0 = Release|Any CPU
	EndGlobalSection
	GlobalSection(SolutionProperties) = preSolution
		HideSolutionNode = FALSE
	EndGlobalSection
	GlobalSection(ExtensibilityGlobals) = postSolution
		SolutionGuid = {CCF15D29-3DED-430C-AB5E-061704A771BE}
	EndGlobalSection
EndGlobal
